Microsoft Visual Studio Solution File, Format Version 12.00
# Visual Studio Version 17
VisualStudioVersion = 17.0.31903.59
MinimumVisualStudioVersion = 10.0.40219.1
Project("{2150E333-8FDC-42A3-9474-1A3956D46DE8}") = "src", "src", "{02EA681E-C7D8-13C7-8484-4AC65E1B71E8}"
EndProject
Project("{FAE04EC0-301F-11D3-BF4B-00C04F79EFBC}") = "ClinicalNotesSummarization.Api", "src\ClinicalNotesSummarization.Api\ClinicalNotesSummarization.Api.csproj", "{2D530125-3665-DBE4-2112-98413124665E}"
EndProject
Project("{FAE04EC0-301F-11D3-BF4B-00C04F79EFBC}") = "ClinicalNotesSummarization.Application", "src\ClinicalNotesSummarization.Application\ClinicalNotesSummarization.Application.csproj", "{8DFEA0E2-E3A7-E013-3F57-6AF40D3017B9}"
EndProject
Project("{FAE04EC0-301F-11D3-BF4B-00C04F79EFBC}") = "ClinicalNotesSummarization.Domain", "src\ClinicalNotesSummarization.Domain\ClinicalNotesSummarization.Domain.csproj", "{F209C1A3-D8FD-EFE7-A76D-EEC3FA368A09}"
EndProject
Project("{FAE04EC0-301F-11D3-BF4B-00C04F79EFBC}") = "ClinicalNotesSummarization.Infrastructure", "src\ClinicalNotesSummarization.Infrastructure\ClinicalNotesSummarization.Infrastructure.csproj", "{B6CA3DDA-94CE-A22E-9CFE-0D3CA0A49348}"
EndProject
Project("{FAE04EC0-301F-11D3-BF4B-00C04F79EFBC}") = "ClinicalNotesSummarization.SharedKernel", "src\ClinicalNotesSummarization.SharedKernel\ClinicalNotesSummarization.SharedKernel.csproj", "{F4D4908E-46C5-4F1E-BB50-AA9F327FFFEB}"
EndProject
Project("{2150E333-8FDC-42A3-9474-1A3956D46DE8}") = "tests", "tests", "{E463869C-6500-4E28-B97F-D254FAC2314B}"
EndProject
Project("{2150E333-8FDC-42A3-9474-1A3956D46DE8}") = "Solution Items", "Solution Items", "{8EC462FD-D22E-90A8-E5CE-7E832BA40C5D}"
	ProjectSection(SolutionItems) = preProject
		docker-compose.yml = docker-compose.yml
	EndProjectSection
EndProject
Project("{FAE04EC0-301F-11D3-BF4B-00C04F79EFBC}") = "ClinicalNotesSummarization.UI", "src\ClinicalNotesSummarization.UI\ClinicalNotesSummarization.UI.csproj", "{69445548-FF16-4A84-AC29-49A1B7AF08BA}"
EndProject
Project("{FAE04EC0-301F-11D3-BF4B-00C04F79EFBC}") = "ClinicalNotesSummarization.Orchestration", "src\ClinicalNotesSummarization.Orchestration\ClinicalNotesSummarization.Orchestration.csproj", "{1A2B3C4D-5E6F-47AA-B8C9-0123456789AB}"
EndProject
Global
	GlobalSection(SolutionConfigurationPlatforms) = preSolution
		Debug|Any CPU = Debug|Any CPU
		Release|Any CPU = Release|Any CPU
	EndGlobalSection
	GlobalSection(ProjectConfigurationPlatforms) = postSolution
		{2D530125-3665-DBE4-2112-98413124665E}.Debug|Any CPU.ActiveCfg = Debug|Any CPU
		{2D530125-3665-DBE4-2112-98413124665E}.Debug|Any CPU.Build.0 = Debug|Any CPU
		{2D530125-3665-DBE4-2112-98413124665E}.Release|Any CPU.ActiveCfg = Release|Any CPU
		{2D530125-3665-DBE4-2112-98413124665E}.Release|Any CPU.Build.0 = Release|Any CPU
		{8DFEA0E2-E3A7-E013-3F57-6AF40D3017B9}.Debug|Any CPU.ActiveCfg = Debug|Any CPU
		{8DFEA0E2-E3A7-E013-3F57-6AF40D3017B9}.Debug|Any CPU.Build.0 = Debug|Any CPU
		{8DFEA0E2-E3A7-E013-3F57-6AF40D3017B9}.Release|Any CPU.ActiveCfg = Release|Any CPU
		{8DFEA0E2-E3A7-E013-3F57-6AF40D3017B9}.Release|Any CPU.Build.0 = Release|Any CPU
		{F209C1A3-D8FD-EFE7-A76D-EEC3FA368A09}.Debug|Any CPU.ActiveCfg = Debug|Any CPU
		{F209C1A3-D8FD-EFE7-A76D-EEC3FA368A09}.Debug|Any CPU.Build.0 = Debug|Any CPU
		{F209C1A3-D8FD-EFE7-A76D-EEC3FA368A09}.Release|Any CPU.ActiveCfg = Release|Any CPU
		{F209C1A3-D8FD-EFE7-A76D-EEC3FA368A09}.Release|Any CPU.Build.0 = Release|Any CPU
		{B6CA3DDA-94CE-A22E-9CFE-0D3CA0A49348}.Debug|Any CPU.ActiveCfg = Debug|Any CPU
		{B6CA3DDA-94CE-A22E-9CFE-0D3CA0A49348}.Debug|Any CPU.Build.0 = Debug|Any CPU
		{B6CA3DDA-94CE-A22E-9CFE-0D3CA0A49348}.Release|Any CPU.ActiveCfg = Release|Any CPU
		{B6CA3DDA-94CE-A22E-9CFE-0D3CA0A49348}.Release|Any CPU.Build.0 = Release|Any CPU
		{F4D4908E-46C5-4F1E-BB50-AA9F327FFFEB}.Debug|Any CPU.ActiveCfg = Debug|Any CPU
		{F4D4908E-46C5-4F1E-BB50-AA9F327FFFEB}.Debug|Any CPU.Build.0 = Debug|Any CPU
		{F4D4908E-46C5-4F1E-BB50-AA9F327FFFEB}.Release|Any CPU.ActiveCfg = Release|Any CPU
		{F4D4908E-46C5-4F1E-BB50-AA9F327FFFEB}.Release|Any CPU.Build.0 = Release|Any CPU
		{69445548-FF16-4A84-AC29-49A1B7AF08BA}.Debug|Any CPU.ActiveCfg = Debug|Any CPU
		{69445548-FF16-4A84-AC29-49A1B7AF08BA}.Debug|Any CPU.Build.0 = Debug|Any CPU
		{69445548-FF16-4A84-AC29-49A1B7AF08BA}.Release|Any CPU.ActiveCfg = Release|Any CPU
		{69445548-FF16-4A84-AC29-49A1B7AF08BA}.Release|Any CPU.Build.0 = Release|Any CPU
		{1A2B3C4D-5E6F-47AA-B8C9-0123456789AB}.Debug|Any CPU.ActiveCfg = Debug|Any CPU
		{1A2B3C4D-5E6F-47AA-B8C9-0123456789AB}.Debug|Any CPU.Build.0 = Debug|Any CPU
		{1A2B3C4D-5E6F-47AA-B8C9-0123456789AB}.Release|Any CPU.ActiveCfg = Release|Any CPU
		{1A2B3C4D-5E6F-47AA-B8C9-0123456789AB}.Release|Any CPU.Build.0 = Release|Any CPU
		{2D530125-3665-DBE4-2112-98413124665E}.Debug|Any CPU.ActiveCfg = Debug|Any CPU
		{2D530125-3665-DBE4-2112-98413124665E}.Debug|Any CPU.Build.0 = Debug|Any CPU
		{2D530125-3665-DBE4-2112-98413124665E}.Release|Any CPU.ActiveCfg = Release|Any CPU
		{2D530125-3665-DBE4-2112-98413124665E}.Release|Any CPU.Build.0 = Release|Any CPU
		{8DFEA0E2-E3A7-E013-3F57-6AF40D3017B9}.Debug|Any CPU.ActiveCfg = Debug|Any CPU
		{8DFEA0E2-E3A7-E013-3F57-6AF40D3017B9}.Debug|Any CPU.Build.0 = Debug|Any CPU
		{8DFEA0E2-E3A7-E013-3F57-6AF40D3017B9}.Release|Any CPU.ActiveCfg = Release|Any CPU
		{8DFEA0E2-E3A7-E013-3F57-6AF40D3017B9}.Release|Any CPU.Build.0 = Release|Any CPU
		{F209C1A3-D8FD-EFE7-A76D-EEC3FA368A09}.Debug|Any CPU.ActiveCfg = Debug|Any CPU
		{F209C1A3-D8FD-EFE7-A76D-EEC3FA368A09}.Debug|Any CPU.Build.0 = Debug|Any CPU
		{F209C1A3-D8FD-EFE7-A76D-EEC3FA368A09}.Release|Any CPU.ActiveCfg = Release|Any CPU
		{F209C1A3-D8FD-EFE7-A76D-EEC3FA368A09}.Release|Any CPU.Build.0 = Release|Any CPU
		{B6CA3DDA-94CE-A22E-9CFE-0D3CA0A49348}.Debug|Any CPU.ActiveCfg = Debug|Any CPU
		{B6CA3DDA-94CE-A22E-9CFE-0D3CA0A49348}.Debug|Any CPU.Build.0 = Debug|Any CPU
		{B6CA3DDA-94CE-A22E-9CFE-0D3CA0A49348}.Release|Any CPU.ActiveCfg = Release|Any CPU
		{B6CA3DDA-94CE-A22E-9CFE-0D3CA0A49348}.Release|Any CPU.Build.0 = Release|Any CPU
		{F4D4908E-46C5-4F1E-BB50-AA9F327FFFEB}.Debug|Any CPU.ActiveCfg = Debug|Any CPU
		{F4D4908E-46C5-4F1E-BB50-AA9F327FFFEB}.Debug|Any CPU.Build.0 = Debug|Any CPU
		{F4D4908E-46C5-4F1E-BB50-AA9F327FFFEB}.Release|Any CPU.ActiveCfg = Release|Any CPU
		{F4D4908E-46C5-4F1E-BB50-AA9F327FFFEB}.Release|Any CPU.Build.0 = Release|Any CPU
		{69445548-FF16-4A84-AC29-49A1B7AF08BA}.Debug|Any CPU.ActiveCfg = Debug|Any CPU
		{69445548-FF16-4A84-AC29-49A1B7AF08BA}.Debug|Any CPU.Build.0 = Debug|Any CPU
		{69445548-FF16-4A84-AC29-49A1B7AF08BA}.Release|Any CPU.ActiveCfg = Release|Any CPU
		{69445548-FF16-4A84-AC29-49A1B7AF08BA}.Release|Any CPU.Build.0 = Release|Any CPU
		{1A2B3C4D-5E6F-47AA-B8C9-0123456789AB}.Debug|Any CPU.ActiveCfg = Debug|Any CPU
		{1A2B3C4D-5E6F-47AA-B8C9-0123456789AB}.Debug|Any CPU.Build.0 = Debug|Any CPU
		{1A2B3C4D-5E6F-47AA-B8C9-0123456789AB}.Release|Any CPU.ActiveCfg = Release|Any CPU
		{1A2B3C4D-5E6F-47AA-B8C9-0123456789AB}.Release|Any CPU.Build.0 = Release|Any CPU
		{2D530125-3665-DBE4-2112-98413124665E}.Debug|Any CPU.ActiveCfg = Debug|Any CPU
		{2D530125-3665-DBE4-2112-98413124665E}.Debug|Any CPU.Build.0 = Debug|Any CPU
		{2D530125-3665-DBE4-2112-98413124665E}.Release|Any CPU.ActiveCfg = Release|Any CPU
		{2D530125-3665-DBE4-2112-98413124665E}.Release|Any CPU.Build.0 = Release|Any CPU
		{8DFEA0E2-E3A7-E013-3F57-6AF40D3017B9}.Debug|Any CPU.ActiveCfg = Debug|Any CPU
		{8DFEA0E2-E3A7-E013-3F57-6AF40D3017B9}.Debug|Any CPU.Build.0 = Debug|Any CPU
		{8DFEA0E2-E3A7-E013-3F57-6AF40D3017B9}.Release|Any CPU.ActiveCfg = Release|Any CPU
		{8DFEA0E2-E3A7-E013-3F57-6AF40D3017B9}.Release|Any CPU.Build.0 = Release|Any CPU
		{F209C1A3-D8FD-EFE7-A76D-EEC3FA368A09}.Debug|Any CPU.ActiveCfg = Debug|Any CPU
		{F209C1A3-D8FD-EFE7-A76D-EEC3FA368A09}.Debug|Any CPU.Build.0 = Debug|Any CPU
		{F209C1A3-D8FD-EFE7-A76D-EEC3FA368A09}.Release|Any CPU.ActiveCfg = Release|Any CPU
		{F209C1A3-D8FD-EFE7-A76D-EEC3FA368A09}.Release|Any CPU.Build.0 = Release|Any CPU
		{B6CA3DDA-94CE-A22E-9CFE-0D3CA0A49348}.Debug|Any CPU.ActiveCfg = Debug|Any CPU
		{B6CA3DDA-94CE-A22E-9CFE-0D3CA0A49348}.Debug|Any CPU.Build.0 = Debug|Any CPU
		{B6CA3DDA-94CE-A22E-9CFE-0D3CA0A49348}.Release|Any CPU.ActiveCfg = Release|Any CPU
		{B6CA3DDA-94CE-A22E-9CFE-0D3CA0A49348}.Release|Any CPU.Build.0 = Release|Any CPU
		{F4D4908E-46C5-4F1E-BB50-AA9F327FFFEB}.Debug|Any CPU.ActiveCfg = Debug|Any CPU
		{F4D4908E-46C5-4F1E-BB50-AA9F327FFFEB}.Debug|Any CPU.Build.0 = Debug|Any CPU
		{F4D4908E-46C5-4F1E-BB50-AA9F327FFFEB}.Release|Any CPU.ActiveCfg = Release|Any CPU
		{F4D4908E-46C5-4F1E-BB50-AA9F327FFFEB}.Release|Any CPU.Build.0 = Release|Any CPU
		{69445548-FF16-4A84-AC29-49A1B7AF08BA}.Debug|Any CPU.ActiveCfg = Debug|Any CPU
		{69445548-FF16-4A84-AC29-49A1B7AF08BA}.Debug|Any CPU.Build.0 = Debug|Any CPU
		{69445548-FF16-4A84-AC29-49A1B7AF08BA}.Release|Any CPU.ActiveCfg = Release|Any CPU
		{69445548-FF16-4A84-AC29-49A1B7AF08BA}.Release|Any CPU.Build.0 = Release|Any CPU
		{1A2B3C4D-5E6F-47AA-B8C9-0123456789AB}.Debug|Any CPU.ActiveCfg = Debug|Any CPU
		{1A2B3C4D-5E6F-47AA-B8C9-0123456789AB}.Debug|Any CPU.Build.0 = Debug|Any CPU
		{1A2B3C4D-5E6F-47AA-B8C9-0123456789AB}.Release|Any CPU.ActiveCfg = Release|Any CPU
		{1A2B3C4D-5E6F-47AA-B8C9-0123456789AB}.Release|Any CPU.Build.0 = Release|Any CPU
		{2D530125-3665-DBE4-2112-98413124665E}.Debug|Any CPU.ActiveCfg = Debug|Any CPU
		{2D530125-3665-DBE4-2112-98413124665E}.Debug|Any CPU.Build.0 = Debug|Any CPU
		{2D530125-3665-DBE4-2112-98413124665E}.Release|Any CPU.ActiveCfg = Release|Any CPU
		{2D530125-3665-DBE4-2112-98413124665E}.Release|Any CPU.Build.0 = Release|Any CPU
		{8DFEA0E2-E3A7-E013-3F57-6AF40D3017B9}.Debug|Any CPU.ActiveCfg = Debug|Any CPU
		{8DFEA0E2-E3A7-E013-3F57-6AF40D3017B9}.Debug|Any CPU.Build.0 = Debug|Any CPU
		{8DFEA0E2-E3A7-E013-3F57-6AF40D3017B9}.Release|Any CPU.ActiveCfg = Release|Any CPU
		{8DFEA0E2-E3A7-E013-3F57-6AF40D3017B9}.Release|Any CPU.Build.0 = Release|Any CPU
		{F209C1A3-D8FD-EFE7-A76D-EEC3FA368A09}.Debug|Any CPU.ActiveCfg = Debug|Any CPU
		{F209C1A3-D8FD-EFE7-A76D-EEC3FA368A09}.Debug|Any CPU.Build.0 = Debug|Any CPU
		{F209C1A3-D8FD-EFE7-A76D-EEC3FA368A09}.Release|Any CPU.ActiveCfg = Release|Any CPU
		{F209C1A3-D8FD-EFE7-A76D-EEC3FA368A09}.Release|Any CPU.Build.0 = Release|Any CPU
		{B6CA3DDA-94CE-A22E-9CFE-0D3CA0A49348}.Debug|Any CPU.ActiveCfg = Debug|Any CPU
		{B6CA3DDA-94CE-A22E-9CFE-0D3CA0A49348}.Debug|Any CPU.Build.0 = Debug|Any CPU
		{B6CA3DDA-94CE-A22E-9CFE-0D3CA0A49348}.Release|Any CPU.ActiveCfg = Release|Any CPU
		{B6CA3DDA-94CE-A22E-9CFE-0D3CA0A49348}.Release|Any CPU.Build.0 = Release|Any CPU
		{F4D4908E-46C5-4F1E-BB50-AA9F327FFFEB}.Debug|Any CPU.ActiveCfg = Debug|Any CPU
		{F4D4908E-46C5-4F1E-BB50-AA9F327FFFEB}.Debug|Any CPU.Build.0 = Debug|Any CPU
		{F4D4908E-46C5-4F1E-BB50-AA9F327FFFEB}.Release|Any CPU.ActiveCfg = Release|Any CPU
		{F4D4908E-46C5-4F1E-BB50-AA9F327FFFEB}.Release|Any CPU.Build.0 = Release|Any CPU
		{69445548-FF16-4A84-AC29-49A1B7AF08BA}.Debug|Any CPU.ActiveCfg = Debug|Any CPU
		{69445548-FF16-4A84-AC29-49A1B7AF08BA}.Debug|Any CPU.Build.0 = Debug|Any CPU
		{69445548-FF16-4A84-AC29-49A1B7AF08BA}.Release|Any CPU.ActiveCfg = Release|Any CPU
		{69445548-FF16-4A84-AC29-49A1B7AF08BA}.Release|Any CPU.Build.0 = Release|Any CPU
		{1A2B3C4D-5E6F-47AA-B8C9-0123456789AB}.Debug|Any CPU.ActiveCfg = Debug|Any CPU
		{1A2B3C4D-5E6F-47AA-B8C9-0123456789AB}.Debug|Any CPU.Build.0 = Debug|Any CPU
		{1A2B3C4D-5E6F-47AA-B8C9-0123456789AB}.Release|Any CPU.ActiveCfg = Release|Any CPU
		{1A2B3C4D-5E6F-47AA-B8C9-0123456789AB}.Release|Any CPU.Build.0 = Release|Any CPU
	EndGlobalSection
	GlobalSection(SolutionProperties) = preSolution
		HideSolutionNode = FALSE
	EndGlobalSection
	GlobalSection(NestedProjects) = preSolution
		{2D530125-3665-DBE4-2112-98413124665E} = {02EA681E-C7D8-13C7-8484-4AC65E1B71E8}
		{8DFEA0E2-E3A7-E013-3F57-6AF40D3017B9} = {02EA681E-C7D8-13C7-8484-4AC65E1B71E8}
		{F209C1A3-D8FD-EFE7-A76D-EEC3FA368A09} = {02EA681E-C7D8-13C7-8484-4AC65E1B71E8}
		{B6CA3DDA-94CE-A22E-9CFE-0D3CA0A49348} = {02EA681E-C7D8-13C7-8484-4AC65E1B71E8}
		{F4D4908E-46C5-4F1E-BB50-AA9F327FFFEB} = {02EA681E-C7D8-13C7-8484-4AC65E1B71E8}
		{69445548-FF16-4A84-AC29-49A1B7AF08BA} = {02EA681E-C7D8-13C7-8484-4AC65E1B71E8}
		{1A2B3C4D-5E6F-47AA-B8C9-0123456789AB} = {02EA681E-C7D8-13C7-8484-4AC65E1B71E8}
	EndGlobalSection
	GlobalSection(ExtensibilityGlobals) = postSolution
		SolutionGuid = {6AB615C2-6C24-4C48-88B7-69BD9B6C28AB}
	EndGlobalSection
EndGlobal
